
Microsoft Visual Studio Solution File, Format Version 12.00
# Visual Studio Version 17
VisualStudioVersion = 17.1.32210.238
MinimumVisualStudioVersion = 10.0.40219.1
Project("{9A19103F-16F7-4668-BE54-9A1E7A4F7556}") = "UnitTests", "UnitTests\UnitTests.csproj", "{C4D8C811-CA7C-46A8-AC58-8C4981F81D4D}"
EndProject
Project("{9A19103F-16F7-4668-BE54-9A1E7A4F7556}") = "ApiCaller", "ApiCaller\ApiCaller.csproj", "{45DCFD50-A3F9-40D8-8687-C2F90F956512}"
EndProject
Project("{9A19103F-16F7-4668-BE54-9A1E7A4F7556}") = "Currencies_API", "Currencies_API\Currencies_API.csproj", "{8C60A36B-3391-4B6F-A955-25E5DE87FBBD}"
EndProject
Global
	GlobalSection(SolutionConfigurationPlatforms) = preSolution
		Debug|Any CPU = Debug|Any CPU
		Release|Any CPU = Release|Any CPU
	EndGlobalSection
	GlobalSection(ProjectConfigurationPlatforms) = postSolution
		{C4D8C811-CA7C-46A8-AC58-8C4981F81D4D}.Debug|Any CPU.ActiveCfg = Debug|Any CPU
		{C4D8C811-CA7C-46A8-AC58-8C4981F81D4D}.Debug|Any CPU.Build.0 = Debug|Any CPU
		{C4D8C811-CA7C-46A8-AC58-8C4981F81D4D}.Release|Any CPU.ActiveCfg = Release|Any CPU
		{C4D8C811-CA7C-46A8-AC58-8C4981F81D4D}.Release|Any CPU.Build.0 = Release|Any CPU
		{45DCFD50-A3F9-40D8-8687-C2F90F956512}.Debug|Any CPU.ActiveCfg = Debug|Any CPU
		{45DCFD50-A3F9-40D8-8687-C2F90F956512}.Debug|Any CPU.Build.0 = Debug|Any CPU
		{45DCFD50-A3F9-40D8-8687-C2F90F956512}.Release|Any CPU.ActiveCfg = Release|Any CPU
		{45DCFD50-A3F9-40D8-8687-C2F90F956512}.Release|Any CPU.Build.0 = Release|Any CPU
		{8C60A36B-3391-4B6F-A955-25E5DE87FBBD}.Debug|Any CPU.ActiveCfg = Debug|Any CPU
		{8C60A36B-3391-4B6F-A955-25E5DE87FBBD}.Debug|Any CPU.Build.0 = Debug|Any CPU
		{8C60A36B-3391-4B6F-A955-25E5DE87FBBD}.Release|Any CPU.ActiveCfg = Release|Any CPU
		{8C60A36B-3391-4B6F-A955-25E5DE87FBBD}.Release|Any CPU.Build.0 = Release|Any CPU
	EndGlobalSection
	GlobalSection(SolutionProperties) = preSolution
		HideSolutionNode = FALSE
	EndGlobalSection
	GlobalSection(ExtensibilityGlobals) = postSolution
		SolutionGuid = {A84E4D50-F193-4B82-AC24-36B72EDE238D}
	EndGlobalSection
EndGlobal
